
Microsoft Visual Studio Solution File, Format Version 12.00
# Visual Studio 14
VisualStudioVersion = 14.0.25420.1
MinimumVisualStudioVersion = 10.0.40219.1
Project("{F2A71F9B-5D33-465A-A702-920D77279786}") = "Graphs", "Graphs\Graphs.fsproj", "{CAA4EB40-CEE8-4910-86E5-FFBC1ECC8E89}"
EndProject
Project("{F2A71F9B-5D33-465A-A702-920D77279786}") = "DrawGraph", "Graphs\DrawGraph\DrawGraph.fsproj", "{F8CFD85A-AEAF-47E4-8C5D-43669A7C00BF}"
EndProject
Project("{F2A71F9B-5D33-465A-A702-920D77279786}") = "DirGraph", "Graphs\DirGraph\DirGraph.fsproj", "{CBD5B36F-44E7-4FB1-8B90-B73992C9C397}"
EndProject
Project("{F2A71F9B-5D33-465A-A702-920D77279786}") = "GpuSort", "GpuSort\GpuSort.fsproj", "{8437015F-05C1-4A5F-9FB2-C115236E659C}"
EndProject
Project("{F2A71F9B-5D33-465A-A702-920D77279786}") = "GpuEuler", "GpuEuler\GpuEuler.fsproj", "{3359D25F-850A-47C3-A662-8FB2E96A16BC}"
EndProject
Project("{2150E333-8FDC-42A3-9474-1A3956D46DE8}") = "Sandbox", "Sandbox", "{641E05F2-0561-419F-A3FA-BB143CEDD045}"
EndProject
Project("{F2A71F9B-5D33-465A-A702-920D77279786}") = "GpuCompact", "GpuCompact\GpuCompact.fsproj", "{0DBDEA6C-0796-40F8-9C21-DD0598B213C5}"
EndProject
Global
	GlobalSection(SolutionConfigurationPlatforms) = preSolution
		Debug|Any CPU = Debug|Any CPU
		Release|Any CPU = Release|Any CPU
	EndGlobalSection
	GlobalSection(ProjectConfigurationPlatforms) = postSolution
		{CAA4EB40-CEE8-4910-86E5-FFBC1ECC8E89}.Debug|Any CPU.ActiveCfg = Debug|Any CPU
		{CAA4EB40-CEE8-4910-86E5-FFBC1ECC8E89}.Debug|Any CPU.Build.0 = Debug|Any CPU
		{CAA4EB40-CEE8-4910-86E5-FFBC1ECC8E89}.Release|Any CPU.ActiveCfg = Release|Any CPU
		{CAA4EB40-CEE8-4910-86E5-FFBC1ECC8E89}.Release|Any CPU.Build.0 = Release|Any CPU
		{F8CFD85A-AEAF-47E4-8C5D-43669A7C00BF}.Debug|Any CPU.ActiveCfg = Debug|Any CPU
		{F8CFD85A-AEAF-47E4-8C5D-43669A7C00BF}.Debug|Any CPU.Build.0 = Debug|Any CPU
		{F8CFD85A-AEAF-47E4-8C5D-43669A7C00BF}.Release|Any CPU.ActiveCfg = Release|Any CPU
		{F8CFD85A-AEAF-47E4-8C5D-43669A7C00BF}.Release|Any CPU.Build.0 = Release|Any CPU
		{CBD5B36F-44E7-4FB1-8B90-B73992C9C397}.Debug|Any CPU.ActiveCfg = Debug|Any CPU
		{CBD5B36F-44E7-4FB1-8B90-B73992C9C397}.Debug|Any CPU.Build.0 = Debug|Any CPU
		{CBD5B36F-44E7-4FB1-8B90-B73992C9C397}.Release|Any CPU.ActiveCfg = Release|Any CPU
		{CBD5B36F-44E7-4FB1-8B90-B73992C9C397}.Release|Any CPU.Build.0 = Release|Any CPU
		{8437015F-05C1-4A5F-9FB2-C115236E659C}.Debug|Any CPU.ActiveCfg = Debug|Any CPU
		{8437015F-05C1-4A5F-9FB2-C115236E659C}.Debug|Any CPU.Build.0 = Debug|Any CPU
		{8437015F-05C1-4A5F-9FB2-C115236E659C}.Release|Any CPU.ActiveCfg = Release|Any CPU
		{8437015F-05C1-4A5F-9FB2-C115236E659C}.Release|Any CPU.Build.0 = Release|Any CPU
		{3359D25F-850A-47C3-A662-8FB2E96A16BC}.Debug|Any CPU.ActiveCfg = Debug|Any CPU
		{3359D25F-850A-47C3-A662-8FB2E96A16BC}.Debug|Any CPU.Build.0 = Debug|Any CPU
		{3359D25F-850A-47C3-A662-8FB2E96A16BC}.Release|Any CPU.ActiveCfg = Release|Any CPU
		{3359D25F-850A-47C3-A662-8FB2E96A16BC}.Release|Any CPU.Build.0 = Release|Any CPU
		{0DBDEA6C-0796-40F8-9C21-DD0598B213C5}.Debug|Any CPU.ActiveCfg = Debug|Any CPU
		{0DBDEA6C-0796-40F8-9C21-DD0598B213C5}.Debug|Any CPU.Build.0 = Debug|Any CPU
		{0DBDEA6C-0796-40F8-9C21-DD0598B213C5}.Release|Any CPU.ActiveCfg = Release|Any CPU
		{0DBDEA6C-0796-40F8-9C21-DD0598B213C5}.Release|Any CPU.Build.0 = Release|Any CPU
	EndGlobalSection
	GlobalSection(SolutionProperties) = preSolution
		HideSolutionNode = FALSE
	EndGlobalSection
	GlobalSection(NestedProjects) = preSolution
		{CAA4EB40-CEE8-4910-86E5-FFBC1ECC8E89} = {641E05F2-0561-419F-A3FA-BB143CEDD045}
		{8437015F-05C1-4A5F-9FB2-C115236E659C} = {641E05F2-0561-419F-A3FA-BB143CEDD045}
		{3359D25F-850A-47C3-A662-8FB2E96A16BC} = {641E05F2-0561-419F-A3FA-BB143CEDD045}
		{0DBDEA6C-0796-40F8-9C21-DD0598B213C5} = {641E05F2-0561-419F-A3FA-BB143CEDD045}
	EndGlobalSection
EndGlobal
