
Microsoft Visual Studio Solution File, Format Version 12.00
# Visual Studio 14
VisualStudioVersion = 14.0.25123.0
MinimumVisualStudioVersion = 10.0.40219.1
Project("{F2A71F9B-5D33-465A-A702-920D77279786}") = "Graphs", "Graphs\Graphs.fsproj", "{CAA4EB40-CEE8-4910-86E5-FFBC1ECC8E89}"
EndProject
Project("{F2A71F9B-5D33-465A-A702-920D77279786}") = "DrawGraph", "Graphs\DrawGraph\DrawGraph.fsproj", "{F8CFD85A-AEAF-47E4-8C5D-43669A7C00BF}"
EndProject
Project("{F2A71F9B-5D33-465A-A702-920D77279786}") = "DirGraph", "Graphs\DirGraph\DirGraph.fsproj", "{CBD5B36F-44E7-4FB1-8B90-B73992C9C397}"
EndProject
Global
	GlobalSection(SolutionConfigurationPlatforms) = preSolution
		Debug|Any CPU = Debug|Any CPU
		Release|Any CPU = Release|Any CPU
	EndGlobalSection
	GlobalSection(ProjectConfigurationPlatforms) = postSolution
		{CAA4EB40-CEE8-4910-86E5-FFBC1ECC8E89}.Debug|Any CPU.ActiveCfg = Debug|Any CPU
		{CAA4EB40-CEE8-4910-86E5-FFBC1ECC8E89}.Debug|Any CPU.Build.0 = Debug|Any CPU
		{CAA4EB40-CEE8-4910-86E5-FFBC1ECC8E89}.Release|Any CPU.ActiveCfg = Release|Any CPU
		{CAA4EB40-CEE8-4910-86E5-FFBC1ECC8E89}.Release|Any CPU.Build.0 = Release|Any CPU
		{F8CFD85A-AEAF-47E4-8C5D-43669A7C00BF}.Debug|Any CPU.ActiveCfg = Debug|Any CPU
		{F8CFD85A-AEAF-47E4-8C5D-43669A7C00BF}.Debug|Any CPU.Build.0 = Debug|Any CPU
		{F8CFD85A-AEAF-47E4-8C5D-43669A7C00BF}.Release|Any CPU.ActiveCfg = Release|Any CPU
		{F8CFD85A-AEAF-47E4-8C5D-43669A7C00BF}.Release|Any CPU.Build.0 = Release|Any CPU
		{CBD5B36F-44E7-4FB1-8B90-B73992C9C397}.Debug|Any CPU.ActiveCfg = Debug|Any CPU
		{CBD5B36F-44E7-4FB1-8B90-B73992C9C397}.Debug|Any CPU.Build.0 = Debug|Any CPU
		{CBD5B36F-44E7-4FB1-8B90-B73992C9C397}.Release|Any CPU.ActiveCfg = Release|Any CPU
		{CBD5B36F-44E7-4FB1-8B90-B73992C9C397}.Release|Any CPU.Build.0 = Release|Any CPU
	EndGlobalSection
	GlobalSection(SolutionProperties) = preSolution
		HideSolutionNode = FALSE
	EndGlobalSection
EndGlobal
